
Microsoft Visual Studio Solution File, Format Version 11.00
# Visual Studio 2010
Project("{FAE04EC0-301F-11D3-BF4B-00C04F79EFBC}") = "Assembly-CSharp", "Assembly-CSharp.csproj", "{cbe1e3b7-2dfc-a989-c4eb-dd302afdb123}"
EndProject
Project("{FAE04EC0-301F-11D3-BF4B-00C04F79EFBC}") = "Assembly-CSharp-Editor", "Assembly-CSharp-Editor.csproj", "{c87b927c-74da-e539-d24d-a6eece79c04c}"
EndProject
Global
	GlobalSection(SolutionConfigurationPlatforms) = preSolution
		Debug|Any CPU = Debug|Any CPU
	EndGlobalSection
	GlobalSection(ProjectConfigurationPlatforms) = postSolution
		{cbe1e3b7-2dfc-a989-c4eb-dd302afdb123}.Debug|Any CPU.ActiveCfg = Debug|Any CPU
		{cbe1e3b7-2dfc-a989-c4eb-dd302afdb123}.Debug|Any CPU.Build.0 = Debug|Any CPU
		{c87b927c-74da-e539-d24d-a6eece79c04c}.Debug|Any CPU.ActiveCfg = Debug|Any CPU
		{c87b927c-74da-e539-d24d-a6eece79c04c}.Debug|Any CPU.Build.0 = Debug|Any CPU
	EndGlobalSection
	GlobalSection(SolutionProperties) = preSolution
		HideSolutionNode = FALSE
	EndGlobalSection
EndGlobal
